// !$*UTF8*$!
{
	archiveVersion = 1;
	classes = {
	};
	objectVersion = 48;
	objects = {

/* Begin PBXBuildFile section */
		0046EB3F9A3AAD69BEC008D7 /* Pods_InstaTests.framework in Frameworks */ = {isa = PBXBuildFile; fileRef = 8E2CE2EF9949061FAA7FA3DC /* Pods_InstaTests.framework */; };
		437C1611E767A9F276763ABC /* Pods_Insta.framework in Frameworks */ = {isa = PBXBuildFile; fileRef = 2BFA438306FB1BA16CCE9888 /* Pods_Insta.framework */; };
		57D37797655E5A411177116B /* Pods_InstaUITests.framework in Frameworks */ = {isa = PBXBuildFile; fileRef = A3E2454A7A47DB9CF188280C /* Pods_InstaUITests.framework */; };
		5A5B8149203B887F004F35EE /* AppDelegate.swift in Sources */ = {isa = PBXBuildFile; fileRef = 5A5B8148203B887F004F35EE /* AppDelegate.swift */; };
		5A5B814B203B887F004F35EE /* ViewController.swift in Sources */ = {isa = PBXBuildFile; fileRef = 5A5B814A203B887F004F35EE /* ViewController.swift */; };
		5A5B814E203B887F004F35EE /* Main.storyboard in Resources */ = {isa = PBXBuildFile; fileRef = 5A5B814C203B887F004F35EE /* Main.storyboard */; };
		5A5B8150203B887F004F35EE /* Assets.xcassets in Resources */ = {isa = PBXBuildFile; fileRef = 5A5B814F203B887F004F35EE /* Assets.xcassets */; };
		5A5B8153203B887F004F35EE /* LaunchScreen.storyboard in Resources */ = {isa = PBXBuildFile; fileRef = 5A5B8151203B887F004F35EE /* LaunchScreen.storyboard */; };
		5A5B815E203B887F004F35EE /* InstaTests.swift in Sources */ = {isa = PBXBuildFile; fileRef = 5A5B815D203B887F004F35EE /* InstaTests.swift */; };
		5A5B8169203B887F004F35EE /* InstaUITests.swift in Sources */ = {isa = PBXBuildFile; fileRef = 5A5B8168203B887F004F35EE /* InstaUITests.swift */; };
		5A9FE0E72042914E00B5BD95 /* InstaCell.swift in Sources */ = {isa = PBXBuildFile; fileRef = 5A9FE0E62042914E00B5BD95 /* InstaCell.swift */; };
		5AB64148203B90500013A0B1 /* LoginViewController.swift in Sources */ = {isa = PBXBuildFile; fileRef = 5AB64147203B90500013A0B1 /* LoginViewController.swift */; };
		5AB6414A203E3BED0013A0B1 /* LogoutViewController.swift in Sources */ = {isa = PBXBuildFile; fileRef = 5AB64149203E3BED0013A0B1 /* LogoutViewController.swift */; };
		5AB6414C204212550013A0B1 /* ComposeViewController.swift in Sources */ = {isa = PBXBuildFile; fileRef = 5AB6414B204212550013A0B1 /* ComposeViewController.swift */; };
		5AC0528520436FE90066FBCC /* DetailViewController.swift in Sources */ = {isa = PBXBuildFile; fileRef = 5AC0528420436FE90066FBCC /* DetailViewController.swift */; };
/* End PBXBuildFile section */

/* Begin PBXContainerItemProxy section */
		5A5B815A203B887F004F35EE /* PBXContainerItemProxy */ = {
			isa = PBXContainerItemProxy;
			containerPortal = 5A5B813D203B887F004F35EE /* Project object */;
			proxyType = 1;
			remoteGlobalIDString = 5A5B8144203B887F004F35EE;
			remoteInfo = Insta;
		};
		5A5B8165203B887F004F35EE /* PBXContainerItemProxy */ = {
			isa = PBXContainerItemProxy;
			containerPortal = 5A5B813D203B887F004F35EE /* Project object */;
			proxyType = 1;
			remoteGlobalIDString = 5A5B8144203B887F004F35EE;
			remoteInfo = Insta;
		};
/* End PBXContainerItemProxy section */

/* Begin PBXFileReference section */
		06CF316BBBCA0618F2DC31A5 /* Pods-Insta.debug.xcconfig */ = {isa = PBXFileReference; includeInIndex = 1; lastKnownFileType = text.xcconfig; name = "Pods-Insta.debug.xcconfig"; path = "Pods/Target Support Files/Pods-Insta/Pods-Insta.debug.xcconfig"; sourceTree = "<group>"; };
		2BFA438306FB1BA16CCE9888 /* Pods_Insta.framework */ = {isa = PBXFileReference; explicitFileType = wrapper.framework; includeInIndex = 0; path = Pods_Insta.framework; sourceTree = BUILT_PRODUCTS_DIR; };
		30BDBCFE259B18E3207F5A41 /* Pods-InstaUITests.release.xcconfig */ = {isa = PBXFileReference; includeInIndex = 1; lastKnownFileType = text.xcconfig; name = "Pods-InstaUITests.release.xcconfig"; path = "Pods/Target Support Files/Pods-InstaUITests/Pods-InstaUITests.release.xcconfig"; sourceTree = "<group>"; };
		5A5B8145203B887F004F35EE /* Insta.app */ = {isa = PBXFileReference; explicitFileType = wrapper.application; includeInIndex = 0; path = Insta.app; sourceTree = BUILT_PRODUCTS_DIR; };
		5A5B8148203B887F004F35EE /* AppDelegate.swift */ = {isa = PBXFileReference; lastKnownFileType = sourcecode.swift; path = AppDelegate.swift; sourceTree = "<group>"; };
		5A5B814A203B887F004F35EE /* ViewController.swift */ = {isa = PBXFileReference; lastKnownFileType = sourcecode.swift; path = ViewController.swift; sourceTree = "<group>"; };
		5A5B814D203B887F004F35EE /* Base */ = {isa = PBXFileReference; lastKnownFileType = file.storyboard; name = Base; path = Base.lproj/Main.storyboard; sourceTree = "<group>"; };
		5A5B814F203B887F004F35EE /* Assets.xcassets */ = {isa = PBXFileReference; lastKnownFileType = folder.assetcatalog; path = Assets.xcassets; sourceTree = "<group>"; };
		5A5B8152203B887F004F35EE /* Base */ = {isa = PBXFileReference; lastKnownFileType = file.storyboard; name = Base; path = Base.lproj/LaunchScreen.storyboard; sourceTree = "<group>"; };
		5A5B8154203B887F004F35EE /* Info.plist */ = {isa = PBXFileReference; lastKnownFileType = text.plist.xml; path = Info.plist; sourceTree = "<group>"; };
		5A5B8159203B887F004F35EE /* InstaTests.xctest */ = {isa = PBXFileReference; explicitFileType = wrapper.cfbundle; includeInIndex = 0; path = InstaTests.xctest; sourceTree = BUILT_PRODUCTS_DIR; };
		5A5B815D203B887F004F35EE /* InstaTests.swift */ = {isa = PBXFileReference; lastKnownFileType = sourcecode.swift; path = InstaTests.swift; sourceTree = "<group>"; };
		5A5B815F203B887F004F35EE /* Info.plist */ = {isa = PBXFileReference; lastKnownFileType = text.plist.xml; path = Info.plist; sourceTree = "<group>"; };
		5A5B8164203B887F004F35EE /* InstaUITests.xctest */ = {isa = PBXFileReference; explicitFileType = wrapper.cfbundle; includeInIndex = 0; path = InstaUITests.xctest; sourceTree = BUILT_PRODUCTS_DIR; };
		5A5B8168203B887F004F35EE /* InstaUITests.swift */ = {isa = PBXFileReference; lastKnownFileType = sourcecode.swift; path = InstaUITests.swift; sourceTree = "<group>"; };
		5A5B816A203B887F004F35EE /* Info.plist */ = {isa = PBXFileReference; lastKnownFileType = text.plist.xml; path = Info.plist; sourceTree = "<group>"; };
		5A9FE0E62042914E00B5BD95 /* InstaCell.swift */ = {isa = PBXFileReference; lastKnownFileType = sourcecode.swift; path = InstaCell.swift; sourceTree = "<group>"; };
		5AB64147203B90500013A0B1 /* LoginViewController.swift */ = {isa = PBXFileReference; lastKnownFileType = sourcecode.swift; path = LoginViewController.swift; sourceTree = "<group>"; };
		5AB64149203E3BED0013A0B1 /* LogoutViewController.swift */ = {isa = PBXFileReference; lastKnownFileType = sourcecode.swift; path = LogoutViewController.swift; sourceTree = "<group>"; };
		5AB6414B204212550013A0B1 /* ComposeViewController.swift */ = {isa = PBXFileReference; lastKnownFileType = sourcecode.swift; path = ComposeViewController.swift; sourceTree = "<group>"; };
		5AC0528420436FE90066FBCC /* DetailViewController.swift */ = {isa = PBXFileReference; lastKnownFileType = sourcecode.swift; path = DetailViewController.swift; sourceTree = "<group>"; };
		769543ACE2BA7B16E7F8221C /* Pods-InstaUITests.debug.xcconfig */ = {isa = PBXFileReference; includeInIndex = 1; lastKnownFileType = text.xcconfig; name = "Pods-InstaUITests.debug.xcconfig"; path = "Pods/Target Support Files/Pods-InstaUITests/Pods-InstaUITests.debug.xcconfig"; sourceTree = "<group>"; };
		76C63B491D29EB55D753D120 /* Pods-InstaTests.debug.xcconfig */ = {isa = PBXFileReference; includeInIndex = 1; lastKnownFileType = text.xcconfig; name = "Pods-InstaTests.debug.xcconfig"; path = "Pods/Target Support Files/Pods-InstaTests/Pods-InstaTests.debug.xcconfig"; sourceTree = "<group>"; };
		8E2CE2EF9949061FAA7FA3DC /* Pods_InstaTests.framework */ = {isa = PBXFileReference; explicitFileType = wrapper.framework; includeInIndex = 0; path = Pods_InstaTests.framework; sourceTree = BUILT_PRODUCTS_DIR; };
		A3E2454A7A47DB9CF188280C /* Pods_InstaUITests.framework */ = {isa = PBXFileReference; explicitFileType = wrapper.framework; includeInIndex = 0; path = Pods_InstaUITests.framework; sourceTree = BUILT_PRODUCTS_DIR; };
		D6A0283681ABBB5591D1BD6F /* Pods-InstaTests.release.xcconfig */ = {isa = PBXFileReference; includeInIndex = 1; lastKnownFileType = text.xcconfig; name = "Pods-InstaTests.release.xcconfig"; path = "Pods/Target Support Files/Pods-InstaTests/Pods-InstaTests.release.xcconfig"; sourceTree = "<group>"; };
		FF96A936CE0ADE7FD23AE547 /* Pods-Insta.release.xcconfig */ = {isa = PBXFileReference; includeInIndex = 1; lastKnownFileType = text.xcconfig; name = "Pods-Insta.release.xcconfig"; path = "Pods/Target Support Files/Pods-Insta/Pods-Insta.release.xcconfig"; sourceTree = "<group>"; };
/* End PBXFileReference section */

/* Begin PBXFrameworksBuildPhase section */
		5A5B8142203B887F004F35EE /* Frameworks */ = {
			isa = PBXFrameworksBuildPhase;
			buildActionMask = 2147483647;
			files = (
				437C1611E767A9F276763ABC /* Pods_Insta.framework in Frameworks */,
			);
			runOnlyForDeploymentPostprocessing = 0;
		};
		5A5B8156203B887F004F35EE /* Frameworks */ = {
			isa = PBXFrameworksBuildPhase;
			buildActionMask = 2147483647;
			files = (
				0046EB3F9A3AAD69BEC008D7 /* Pods_InstaTests.framework in Frameworks */,
			);
			runOnlyForDeploymentPostprocessing = 0;
		};
		5A5B8161203B887F004F35EE /* Frameworks */ = {
			isa = PBXFrameworksBuildPhase;
			buildActionMask = 2147483647;
			files = (
				57D37797655E5A411177116B /* Pods_InstaUITests.framework in Frameworks */,
			);
			runOnlyForDeploymentPostprocessing = 0;
		};
/* End PBXFrameworksBuildPhase section */

/* Begin PBXGroup section */
		222C8B34A5979C24CBDB38D2 /* Frameworks */ = {
			isa = PBXGroup;
			children = (
				2BFA438306FB1BA16CCE9888 /* Pods_Insta.framework */,
				8E2CE2EF9949061FAA7FA3DC /* Pods_InstaTests.framework */,
				A3E2454A7A47DB9CF188280C /* Pods_InstaUITests.framework */,
			);
			name = Frameworks;
			sourceTree = "<group>";
		};
		5A5B813C203B887F004F35EE = {
			isa = PBXGroup;
			children = (
				5A5B8147203B887F004F35EE /* Insta */,
				5A5B815C203B887F004F35EE /* InstaTests */,
				5A5B8167203B887F004F35EE /* InstaUITests */,
				5A5B8146203B887F004F35EE /* Products */,
				DEA7A49FC429463966E133B7 /* Pods */,
				222C8B34A5979C24CBDB38D2 /* Frameworks */,
			);
			sourceTree = "<group>";
		};
		5A5B8146203B887F004F35EE /* Products */ = {
			isa = PBXGroup;
			children = (
				5A5B8145203B887F004F35EE /* Insta.app */,
				5A5B8159203B887F004F35EE /* InstaTests.xctest */,
				5A5B8164203B887F004F35EE /* InstaUITests.xctest */,
			);
			name = Products;
			sourceTree = "<group>";
		};
		5A5B8147203B887F004F35EE /* Insta */ = {
			isa = PBXGroup;
			children = (
				5A5B8148203B887F004F35EE /* AppDelegate.swift */,
				5A5B814A203B887F004F35EE /* ViewController.swift */,
				5A5B814C203B887F004F35EE /* Main.storyboard */,
				5A5B814F203B887F004F35EE /* Assets.xcassets */,
				5A5B8151203B887F004F35EE /* LaunchScreen.storyboard */,
				5A5B8154203B887F004F35EE /* Info.plist */,
				5AB64147203B90500013A0B1 /* LoginViewController.swift */,
				5AB64149203E3BED0013A0B1 /* LogoutViewController.swift */,
				5AB6414B204212550013A0B1 /* ComposeViewController.swift */,
				5A9FE0E62042914E00B5BD95 /* InstaCell.swift */,
				5AC0528420436FE90066FBCC /* DetailViewController.swift */,
			);
			path = Insta;
			sourceTree = "<group>";
		};
		5A5B815C203B887F004F35EE /* InstaTests */ = {
			isa = PBXGroup;
			children = (
				5A5B815D203B887F004F35EE /* InstaTests.swift */,
				5A5B815F203B887F004F35EE /* Info.plist */,
			);
			path = InstaTests;
			sourceTree = "<group>";
		};
		5A5B8167203B887F004F35EE /* InstaUITests */ = {
			isa = PBXGroup;
			children = (
				5A5B8168203B887F004F35EE /* InstaUITests.swift */,
				5A5B816A203B887F004F35EE /* Info.plist */,
			);
			path = InstaUITests;
			sourceTree = "<group>";
		};
		DEA7A49FC429463966E133B7 /* Pods */ = {
			isa = PBXGroup;
			children = (
				06CF316BBBCA0618F2DC31A5 /* Pods-Insta.debug.xcconfig */,
				FF96A936CE0ADE7FD23AE547 /* Pods-Insta.release.xcconfig */,
				76C63B491D29EB55D753D120 /* Pods-InstaTests.debug.xcconfig */,
				D6A0283681ABBB5591D1BD6F /* Pods-InstaTests.release.xcconfig */,
				769543ACE2BA7B16E7F8221C /* Pods-InstaUITests.debug.xcconfig */,
				30BDBCFE259B18E3207F5A41 /* Pods-InstaUITests.release.xcconfig */,
			);
			name = Pods;
			sourceTree = "<group>";
		};
/* End PBXGroup section */

/* Begin PBXNativeTarget section */
		5A5B8144203B887F004F35EE /* Insta */ = {
			isa = PBXNativeTarget;
			buildConfigurationList = 5A5B816D203B887F004F35EE /* Build configuration list for PBXNativeTarget "Insta" */;
			buildPhases = (
				2D8DAA6D55B357C3348B15A9 /* [CP] Check Pods Manifest.lock */,
				5A5B8141203B887F004F35EE /* Sources */,
				5A5B8142203B887F004F35EE /* Frameworks */,
				5A5B8143203B887F004F35EE /* Resources */,
				B86985C605E3FF3DA604C404 /* [CP] Embed Pods Frameworks */,
				FB0D719B9379DFCE5B438414 /* [CP] Copy Pods Resources */,
			);
			buildRules = (
			);
			dependencies = (
			);
			name = Insta;
			productName = Insta;
			productReference = 5A5B8145203B887F004F35EE /* Insta.app */;
			productType = "com.apple.product-type.application";
		};
		5A5B8158203B887F004F35EE /* InstaTests */ = {
			isa = PBXNativeTarget;
			buildConfigurationList = 5A5B8170203B887F004F35EE /* Build configuration list for PBXNativeTarget "InstaTests" */;
			buildPhases = (
				B3BC48051A73A73973B1501F /* [CP] Check Pods Manifest.lock */,
				5A5B8155203B887F004F35EE /* Sources */,
				5A5B8156203B887F004F35EE /* Frameworks */,
				5A5B8157203B887F004F35EE /* Resources */,
				C22133A290DE6588521EF1C8 /* [CP] Embed Pods Frameworks */,
				6FCB56FF579EA0841AD6092E /* [CP] Copy Pods Resources */,
			);
			buildRules = (
			);
			dependencies = (
				5A5B815B203B887F004F35EE /* PBXTargetDependency */,
			);
			name = InstaTests;
			productName = InstaTests;
			productReference = 5A5B8159203B887F004F35EE /* InstaTests.xctest */;
			productType = "com.apple.product-type.bundle.unit-test";
		};
		5A5B8163203B887F004F35EE /* InstaUITests */ = {
			isa = PBXNativeTarget;
			buildConfigurationList = 5A5B8173203B887F004F35EE /* Build configuration list for PBXNativeTarget "InstaUITests" */;
			buildPhases = (
				FBDF9BBC2438BEED548DE29D /* [CP] Check Pods Manifest.lock */,
				5A5B8160203B887F004F35EE /* Sources */,
				5A5B8161203B887F004F35EE /* Frameworks */,
				5A5B8162203B887F004F35EE /* Resources */,
				17B20776D9258B3EAFF14F17 /* [CP] Embed Pods Frameworks */,
				FDA3BAA18452BA780F7D16F2 /* [CP] Copy Pods Resources */,
			);
			buildRules = (
			);
			dependencies = (
				5A5B8166203B887F004F35EE /* PBXTargetDependency */,
			);
			name = InstaUITests;
			productName = InstaUITests;
			productReference = 5A5B8164203B887F004F35EE /* InstaUITests.xctest */;
			productType = "com.apple.product-type.bundle.ui-testing";
		};
/* End PBXNativeTarget section */

/* Begin PBXProject section */
		5A5B813D203B887F004F35EE /* Project object */ = {
			isa = PBXProject;
			attributes = {
				LastSwiftUpdateCheck = 0920;
				LastUpgradeCheck = 0920;
				ORGANIZATIONNAME = "Jesus perez";
				TargetAttributes = {
					5A5B8144203B887F004F35EE = {
						CreatedOnToolsVersion = 9.2;
						ProvisioningStyle = Automatic;
					};
					5A5B8158203B887F004F35EE = {
						CreatedOnToolsVersion = 9.2;
						ProvisioningStyle = Automatic;
						TestTargetID = 5A5B8144203B887F004F35EE;
					};
					5A5B8163203B887F004F35EE = {
						CreatedOnToolsVersion = 9.2;
						ProvisioningStyle = Automatic;
						TestTargetID = 5A5B8144203B887F004F35EE;
					};
				};
			};
			buildConfigurationList = 5A5B8140203B887F004F35EE /* Build configuration list for PBXProject "Insta" */;
			compatibilityVersion = "Xcode 8.0";
			developmentRegion = en;
			hasScannedForEncodings = 0;
			knownRegions = (
				en,
				Base,
			);
			mainGroup = 5A5B813C203B887F004F35EE;
			productRefGroup = 5A5B8146203B887F004F35EE /* Products */;
			projectDirPath = "";
			projectRoot = "";
			targets = (
				5A5B8144203B887F004F35EE /* Insta */,
				5A5B8158203B887F004F35EE /* InstaTests */,
				5A5B8163203B887F004F35EE /* InstaUITests */,
			);
		};
/* End PBXProject section */

/* Begin PBXResourcesBuildPhase section */
		5A5B8143203B887F004F35EE /* Resources */ = {
			isa = PBXResourcesBuildPhase;
			buildActionMask = 2147483647;
			files = (
				5A5B8153203B887F004F35EE /* LaunchScreen.storyboard in Resources */,
				5A5B8150203B887F004F35EE /* Assets.xcassets in Resources */,
				5A5B814E203B887F004F35EE /* Main.storyboard in Resources */,
			);
			runOnlyForDeploymentPostprocessing = 0;
		};
		5A5B8157203B887F004F35EE /* Resources */ = {
			isa = PBXResourcesBuildPhase;
			buildActionMask = 2147483647;
			files = (
			);
			runOnlyForDeploymentPostprocessing = 0;
		};
		5A5B8162203B887F004F35EE /* Resources */ = {
			isa = PBXResourcesBuildPhase;
			buildActionMask = 2147483647;
			files = (
			);
			runOnlyForDeploymentPostprocessing = 0;
		};
/* End PBXResourcesBuildPhase section */

/* Begin PBXShellScriptBuildPhase section */
		17B20776D9258B3EAFF14F17 /* [CP] Embed Pods Frameworks */ = {
			isa = PBXShellScriptBuildPhase;
			buildActionMask = 2147483647;
			files = (
			);
			inputPaths = (
			);
			name = "[CP] Embed Pods Frameworks";
			outputPaths = (
			);
			runOnlyForDeploymentPostprocessing = 0;
			shellPath = /bin/sh;
			shellScript = "\"${SRCROOT}/Pods/Target Support Files/Pods-InstaUITests/Pods-InstaUITests-frameworks.sh\"\n";
			showEnvVarsInLog = 0;
		};
		2D8DAA6D55B357C3348B15A9 /* [CP] Check Pods Manifest.lock */ = {
			isa = PBXShellScriptBuildPhase;
			buildActionMask = 2147483647;
			files = (
			);
			inputPaths = (
				"${PODS_PODFILE_DIR_PATH}/Podfile.lock",
				"${PODS_ROOT}/Manifest.lock",
			);
			name = "[CP] Check Pods Manifest.lock";
			outputPaths = (
				"$(DERIVED_FILE_DIR)/Pods-Insta-checkManifestLockResult.txt",
			);
			runOnlyForDeploymentPostprocessing = 0;
			shellPath = /bin/sh;
			shellScript = "diff \"${PODS_PODFILE_DIR_PATH}/Podfile.lock\" \"${PODS_ROOT}/Manifest.lock\" > /dev/null\nif [ $? != 0 ] ; then\n    # print error to STDERR\n    echo \"error: The sandbox is not in sync with the Podfile.lock. Run 'pod install' or update your CocoaPods installation.\" >&2\n    exit 1\nfi\n# This output is used by Xcode 'outputs' to avoid re-running this script phase.\necho \"SUCCESS\" > \"${SCRIPT_OUTPUT_FILE_0}\"\n";
			showEnvVarsInLog = 0;
		};
		6FCB56FF579EA0841AD6092E /* [CP] Copy Pods Resources */ = {
			isa = PBXShellScriptBuildPhase;
			buildActionMask = 2147483647;
			files = (
			);
			inputPaths = (
			);
			name = "[CP] Copy Pods Resources";
			outputPaths = (
			);
			runOnlyForDeploymentPostprocessing = 0;
			shellPath = /bin/sh;
			shellScript = "\"${SRCROOT}/Pods/Target Support Files/Pods-InstaTests/Pods-InstaTests-resources.sh\"\n";
			showEnvVarsInLog = 0;
		};
		B3BC48051A73A73973B1501F /* [CP] Check Pods Manifest.lock */ = {
			isa = PBXShellScriptBuildPhase;
			buildActionMask = 2147483647;
			files = (
			);
			inputPaths = (
				"${PODS_PODFILE_DIR_PATH}/Podfile.lock",
				"${PODS_ROOT}/Manifest.lock",
			);
			name = "[CP] Check Pods Manifest.lock";
			outputPaths = (
				"$(DERIVED_FILE_DIR)/Pods-InstaTests-checkManifestLockResult.txt",
			);
			runOnlyForDeploymentPostprocessing = 0;
			shellPath = /bin/sh;
			shellScript = "diff \"${PODS_PODFILE_DIR_PATH}/Podfile.lock\" \"${PODS_ROOT}/Manifest.lock\" > /dev/null\nif [ $? != 0 ] ; then\n    # print error to STDERR\n    echo \"error: The sandbox is not in sync with the Podfile.lock. Run 'pod install' or update your CocoaPods installation.\" >&2\n    exit 1\nfi\n# This output is used by Xcode 'outputs' to avoid re-running this script phase.\necho \"SUCCESS\" > \"${SCRIPT_OUTPUT_FILE_0}\"\n";
			showEnvVarsInLog = 0;
		};
		B86985C605E3FF3DA604C404 /* [CP] Embed Pods Frameworks */ = {
			isa = PBXShellScriptBuildPhase;
			buildActionMask = 2147483647;
			files = (
			);
			inputPaths = (
				"${SRCROOT}/Pods/Target Support Files/Pods-Insta/Pods-Insta-frameworks.sh",
				"${BUILT_PRODUCTS_DIR}/Bolts/Bolts.framework",
				"${BUILT_PRODUCTS_DIR}/Parse/Parse.framework",
				"${BUILT_PRODUCTS_DIR}/ParseUI/ParseUI.framework",
				"${BUILT_PRODUCTS_DIR}/UITextView+Placeholder/UITextView_Placeholder.framework",
			);
			name = "[CP] Embed Pods Frameworks";
			outputPaths = (
				"${TARGET_BUILD_DIR}/${FRAMEWORKS_FOLDER_PATH}/Bolts.framework",
				"${TARGET_BUILD_DIR}/${FRAMEWORKS_FOLDER_PATH}/Parse.framework",
				"${TARGET_BUILD_DIR}/${FRAMEWORKS_FOLDER_PATH}/ParseUI.framework",
				"${TARGET_BUILD_DIR}/${FRAMEWORKS_FOLDER_PATH}/UITextView_Placeholder.framework",
			);
			runOnlyForDeploymentPostprocessing = 0;
			shellPath = /bin/sh;
			shellScript = "\"${SRCROOT}/Pods/Target Support Files/Pods-Insta/Pods-Insta-frameworks.sh\"\n";
			showEnvVarsInLog = 0;
		};
		C22133A290DE6588521EF1C8 /* [CP] Embed Pods Frameworks */ = {
			isa = PBXShellScriptBuildPhase;
			buildActionMask = 2147483647;
			files = (
			);
			inputPaths = (
			);
			name = "[CP] Embed Pods Frameworks";
			outputPaths = (
			);
			runOnlyForDeploymentPostprocessing = 0;
			shellPath = /bin/sh;
			shellScript = "\"${SRCROOT}/Pods/Target Support Files/Pods-InstaTests/Pods-InstaTests-frameworks.sh\"\n";
			showEnvVarsInLog = 0;
		};
		FB0D719B9379DFCE5B438414 /* [CP] Copy Pods Resources */ = {
			isa = PBXShellScriptBuildPhase;
			buildActionMask = 2147483647;
			files = (
			);
			inputPaths = (
			);
			name = "[CP] Copy Pods Resources";
			outputPaths = (
			);
			runOnlyForDeploymentPostprocessing = 0;
			shellPath = /bin/sh;
			shellScript = "\"${SRCROOT}/Pods/Target Support Files/Pods-Insta/Pods-Insta-resources.sh\"\n";
			showEnvVarsInLog = 0;
		};
		FBDF9BBC2438BEED548DE29D /* [CP] Check Pods Manifest.lock */ = {
			isa = PBXShellScriptBuildPhase;
			buildActionMask = 2147483647;
			files = (
			);
			inputPaths = (
				"${PODS_PODFILE_DIR_PATH}/Podfile.lock",
				"${PODS_ROOT}/Manifest.lock",
			);
			name = "[CP] Check Pods Manifest.lock";
			outputPaths = (
				"$(DERIVED_FILE_DIR)/Pods-InstaUITests-checkManifestLockResult.txt",
			);
			runOnlyForDeploymentPostprocessing = 0;
			shellPath = /bin/sh;
			shellScript = "diff \"${PODS_PODFILE_DIR_PATH}/Podfile.lock\" \"${PODS_ROOT}/Manifest.lock\" > /dev/null\nif [ $? != 0 ] ; then\n    # print error to STDERR\n    echo \"error: The sandbox is not in sync with the Podfile.lock. Run 'pod install' or update your CocoaPods installation.\" >&2\n    exit 1\nfi\n# This output is used by Xcode 'outputs' to avoid re-running this script phase.\necho \"SUCCESS\" > \"${SCRIPT_OUTPUT_FILE_0}\"\n";
			showEnvVarsInLog = 0;
		};
		FDA3BAA18452BA780F7D16F2 /* [CP] Copy Pods Resources */ = {
			isa = PBXShellScriptBuildPhase;
			buildActionMask = 2147483647;
			files = (
			);
			inputPaths = (
			);
			name = "[CP] Copy Pods Resources";
			outputPaths = (
			);
			runOnlyForDeploymentPostprocessing = 0;
			shellPath = /bin/sh;
			shellScript = "\"${SRCROOT}/Pods/Target Support Files/Pods-InstaUITests/Pods-InstaUITests-resources.sh\"\n";
			showEnvVarsInLog = 0;
		};
/* End PBXShellScriptBuildPhase section */

/* Begin PBXSourcesBuildPhase section */
		5A5B8141203B887F004F35EE /* Sources */ = {
			isa = PBXSourcesBuildPhase;
			buildActionMask = 2147483647;
			files = (
				5AB6414C204212550013A0B1 /* ComposeViewController.swift in Sources */,
				5AB64148203B90500013A0B1 /* LoginViewController.swift in Sources */,
				5A5B814B203B887F004F35EE /* ViewController.swift in Sources */,
				5AB6414A203E3BED0013A0B1 /* LogoutViewController.swift in Sources */,
				5A5B8149203B887F004F35EE /* AppDelegate.swift in Sources */,
				5A9FE0E72042914E00B5BD95 /* InstaCell.swift in Sources */,
				5AC0528520436FE90066FBCC /* DetailViewController.swift in Sources */,
			);
			runOnlyForDeploymentPostprocessing = 0;
		};
		5A5B8155203B887F004F35EE /* Sources */ = {
			isa = PBXSourcesBuildPhase;
			buildActionMask = 2147483647;
			files = (
				5A5B815E203B887F004F35EE /* InstaTests.swift in Sources */,
			);
			runOnlyForDeploymentPostprocessing = 0;
		};
		5A5B8160203B887F004F35EE /* Sources */ = {
			isa = PBXSourcesBuildPhase;
			buildActionMask = 2147483647;
			files = (
				5A5B8169203B887F004F35EE /* InstaUITests.swift in Sources */,
			);
			runOnlyForDeploymentPostprocessing = 0;
		};
/* End PBXSourcesBuildPhase section */

/* Begin PBXTargetDependency section */
		5A5B815B203B887F004F35EE /* PBXTargetDependency */ = {
			isa = PBXTargetDependency;
			target = 5A5B8144203B887F004F35EE /* Insta */;
			targetProxy = 5A5B815A203B887F004F35EE /* PBXContainerItemProxy */;
		};
		5A5B8166203B887F004F35EE /* PBXTargetDependency */ = {
			isa = PBXTargetDependency;
			target = 5A5B8144203B887F004F35EE /* Insta */;
			targetProxy = 5A5B8165203B887F004F35EE /* PBXContainerItemProxy */;
		};
/* End PBXTargetDependency section */

/* Begin PBXVariantGroup section */
		5A5B814C203B887F004F35EE /* Main.storyboard */ = {
			isa = PBXVariantGroup;
			children = (
				5A5B814D203B887F004F35EE /* Base */,
			);
			name = Main.storyboard;
			sourceTree = "<group>";
		};
		5A5B8151203B887F004F35EE /* LaunchScreen.storyboard */ = {
			isa = PBXVariantGroup;
			children = (
				5A5B8152203B887F004F35EE /* Base */,
			);
			name = LaunchScreen.storyboard;
			sourceTree = "<group>";
		};
/* End PBXVariantGroup section */

/* Begin XCBuildConfiguration section */
		5A5B816B203B887F004F35EE /* Debug */ = {
			isa = XCBuildConfiguration;
			buildSettings = {
				ALWAYS_SEARCH_USER_PATHS = NO;
				CLANG_ANALYZER_NONNULL = YES;
				CLANG_ANALYZER_NUMBER_OBJECT_CONVERSION = YES_AGGRESSIVE;
				CLANG_CXX_LANGUAGE_STANDARD = "gnu++14";
				CLANG_CXX_LIBRARY = "libc++";
				CLANG_ENABLE_MODULES = YES;
				CLANG_ENABLE_OBJC_ARC = YES;
				CLANG_WARN_BLOCK_CAPTURE_AUTORELEASING = YES;
				CLANG_WARN_BOOL_CONVERSION = YES;
				CLANG_WARN_COMMA = YES;
				CLANG_WARN_CONSTANT_CONVERSION = YES;
				CLANG_WARN_DIRECT_OBJC_ISA_USAGE = YES_ERROR;
				CLANG_WARN_DOCUMENTATION_COMMENTS = YES;
				CLANG_WARN_EMPTY_BODY = YES;
				CLANG_WARN_ENUM_CONVERSION = YES;
				CLANG_WARN_INFINITE_RECURSION = YES;
				CLANG_WARN_INT_CONVERSION = YES;
				CLANG_WARN_NON_LITERAL_NULL_CONVERSION = YES;
				CLANG_WARN_OBJC_LITERAL_CONVERSION = YES;
				CLANG_WARN_OBJC_ROOT_CLASS = YES_ERROR;
				CLANG_WARN_RANGE_LOOP_ANALYSIS = YES;
				CLANG_WARN_STRICT_PROTOTYPES = YES;
				CLANG_WARN_SUSPICIOUS_MOVE = YES;
				CLANG_WARN_UNGUARDED_AVAILABILITY = YES_AGGRESSIVE;
				CLANG_WARN_UNREACHABLE_CODE = YES;
				CLANG_WARN__DUPLICATE_METHOD_MATCH = YES;
				CODE_SIGN_IDENTITY = "iPhone Developer";
				COPY_PHASE_STRIP = NO;
				DEBUG_INFORMATION_FORMAT = dwarf;
				ENABLE_STRICT_OBJC_MSGSEND = YES;
				ENABLE_TESTABILITY = YES;
				GCC_C_LANGUAGE_STANDARD = gnu11;
				GCC_DYNAMIC_NO_PIC = NO;
				GCC_NO_COMMON_BLOCKS = YES;
				GCC_OPTIMIZATION_LEVEL = 0;
				GCC_PREPROCESSOR_DEFINITIONS = (
					"DEBUG=1",
					"$(inherited)",
				);
				GCC_WARN_64_TO_32_BIT_CONVERSION = YES;
				GCC_WARN_ABOUT_RETURN_TYPE = YES_ERROR;
				GCC_WARN_UNDECLARED_SELECTOR = YES;
				GCC_WARN_UNINITIALIZED_AUTOS = YES_AGGRESSIVE;
				GCC_WARN_UNUSED_FUNCTION = YES;
				GCC_WARN_UNUSED_VARIABLE = YES;
				IPHONEOS_DEPLOYMENT_TARGET = 11.2;
				MTL_ENABLE_DEBUG_INFO = YES;
				ONLY_ACTIVE_ARCH = YES;
				SDKROOT = iphoneos;
				SWIFT_ACTIVE_COMPILATION_CONDITIONS = DEBUG;
				SWIFT_OPTIMIZATION_LEVEL = "-Onone";
			};
			name = Debug;
		};
		5A5B816C203B887F004F35EE /* Release */ = {
			isa = XCBuildConfiguration;
			buildSettings = {
				ALWAYS_SEARCH_USER_PATHS = NO;
				CLANG_ANALYZER_NONNULL = YES;
				CLANG_ANALYZER_NUMBER_OBJECT_CONVERSION = YES_AGGRESSIVE;
				CLANG_CXX_LANGUAGE_STANDARD = "gnu++14";
				CLANG_CXX_LIBRARY = "libc++";
				CLANG_ENABLE_MODULES = YES;
				CLANG_ENABLE_OBJC_ARC = YES;
				CLANG_WARN_BLOCK_CAPTURE_AUTORELEASING = YES;
				CLANG_WARN_BOOL_CONVERSION = YES;
				CLANG_WARN_COMMA = YES;
				CLANG_WARN_CONSTANT_CONVERSION = YES;
				CLANG_WARN_DIRECT_OBJC_ISA_USAGE = YES_ERROR;
				CLANG_WARN_DOCUMENTATION_COMMENTS = YES;
				CLANG_WARN_EMPTY_BODY = YES;
				CLANG_WARN_ENUM_CONVERSION = YES;
				CLANG_WARN_INFINITE_RECURSION = YES;
				CLANG_WARN_INT_CONVERSION = YES;
				CLANG_WARN_NON_LITERAL_NULL_CONVERSION = YES;
				CLANG_WARN_OBJC_LITERAL_CONVERSION = YES;
				CLANG_WARN_OBJC_ROOT_CLASS = YES_ERROR;
				CLANG_WARN_RANGE_LOOP_ANALYSIS = YES;
				CLANG_WARN_STRICT_PROTOTYPES = YES;
				CLANG_WARN_SUSPICIOUS_MOVE = YES;
				CLANG_WARN_UNGUARDED_AVAILABILITY = YES_AGGRESSIVE;
				CLANG_WARN_UNREACHABLE_CODE = YES;
				CLANG_WARN__DUPLICATE_METHOD_MATCH = YES;
				CODE_SIGN_IDENTITY = "iPhone Developer";
				COPY_PHASE_STRIP = NO;
				DEBUG_INFORMATION_FORMAT = "dwarf-with-dsym";
				ENABLE_NS_ASSERTIONS = NO;
				ENABLE_STRICT_OBJC_MSGSEND = YES;
				GCC_C_LANGUAGE_STANDARD = gnu11;
				GCC_NO_COMMON_BLOCKS = YES;
				GCC_WARN_64_TO_32_BIT_CONVERSION = YES;
				GCC_WARN_ABOUT_RETURN_TYPE = YES_ERROR;
				GCC_WARN_UNDECLARED_SELECTOR = YES;
				GCC_WARN_UNINITIALIZED_AUTOS = YES_AGGRESSIVE;
				GCC_WARN_UNUSED_FUNCTION = YES;
				GCC_WARN_UNUSED_VARIABLE = YES;
				IPHONEOS_DEPLOYMENT_TARGET = 11.2;
				MTL_ENABLE_DEBUG_INFO = NO;
				SDKROOT = iphoneos;
				SWIFT_OPTIMIZATION_LEVEL = "-Owholemodule";
				VALIDATE_PRODUCT = YES;
			};
			name = Release;
		};
		5A5B816E203B887F004F35EE /* Debug */ = {
			isa = XCBuildConfiguration;
			baseConfigurationReference = 06CF316BBBCA0618F2DC31A5 /* Pods-Insta.debug.xcconfig */;
			buildSettings = {
				ASSETCATALOG_COMPILER_APPICON_NAME = AppIcon;
				CODE_SIGN_STYLE = Automatic;
				INFOPLIST_FILE = Insta/Info.plist;
				LD_RUNPATH_SEARCH_PATHS = "$(inherited) @executable_path/Frameworks";
				PRODUCT_BUNDLE_IDENTIFIER = codePath.Insta;
				PRODUCT_NAME = "$(TARGET_NAME)";
				SWIFT_VERSION = 4.0;
				TARGETED_DEVICE_FAMILY = "1,2";
			};
			name = Debug;
		};
		5A5B816F203B887F004F35EE /* Release */ = {
			isa = XCBuildConfiguration;
			baseConfigurationReference = FF96A936CE0ADE7FD23AE547 /* Pods-Insta.release.xcconfig */;
			buildSettings = {
				ASSETCATALOG_COMPILER_APPICON_NAME = AppIcon;
				CODE_SIGN_STYLE = Automatic;
				INFOPLIST_FILE = Insta/Info.plist;
				LD_RUNPATH_SEARCH_PATHS = "$(inherited) @executable_path/Frameworks";
				PRODUCT_BUNDLE_IDENTIFIER = codePath.Insta;
				PRODUCT_NAME = "$(TARGET_NAME)";
				SWIFT_VERSION = 4.0;
				TARGETED_DEVICE_FAMILY = "1,2";
			};
			name = Release;
		};
		5A5B8171203B887F004F35EE /* Debug */ = {
			isa = XCBuildConfiguration;
			baseConfigurationReference = 76C63B491D29EB55D753D120 /* Pods-InstaTests.debug.xcconfig */;
			buildSettings = {
				ALWAYS_EMBED_SWIFT_STANDARD_LIBRARIES = YES;
				BUNDLE_LOADER = "$(TEST_HOST)";
				CODE_SIGN_STYLE = Automatic;
				INFOPLIST_FILE = InstaTests/Info.plist;
				LD_RUNPATH_SEARCH_PATHS = "$(inherited) @executable_path/Frameworks @loader_path/Frameworks";
				PRODUCT_BUNDLE_IDENTIFIER = codePath.InstaTests;
				PRODUCT_NAME = "$(TARGET_NAME)";
				SWIFT_VERSION = 4.0;
				TARGETED_DEVICE_FAMILY = "1,2";
				TEST_HOST = "$(BUILT_PRODUCTS_DIR)/Insta.app/Insta";
			};
			name = Debug;
		};
		5A5B8172203B887F004F35EE /* Release */ = {
			isa = XCBuildConfiguration;
			baseConfigurationReference = D6A0283681ABBB5591D1BD6F /* Pods-InstaTests.release.xcconfig */;
			buildSettings = {
				ALWAYS_EMBED_SWIFT_STANDARD_LIBRARIES = YES;
				BUNDLE_LOADER = "$(TEST_HOST)";
				CODE_SIGN_STYLE = Automatic;
				INFOPLIST_FILE = InstaTests/Info.plist;
				LD_RUNPATH_SEARCH_PATHS = "$(inherited) @executable_path/Frameworks @loader_path/Frameworks";
				PRODUCT_BUNDLE_IDENTIFIER = codePath.InstaTests;
				PRODUCT_NAME = "$(TARGET_NAME)";
				SWIFT_VERSION = 4.0;
				TARGETED_DEVICE_FAMILY = "1,2";
				TEST_HOST = "$(BUILT_PRODUCTS_DIR)/Insta.app/Insta";
			};
			name = Release;
		};
		5A5B8174203B887F004F35EE /* Debug */ = {
			isa = XCBuildConfiguration;
			baseConfigurationReference = 769543ACE2BA7B16E7F8221C /* Pods-InstaUITests.debug.xcconfig */;
			buildSettings = {
				ALWAYS_EMBED_SWIFT_STANDARD_LIBRARIES = YES;
				CODE_SIGN_STYLE = Automatic;
				INFOPLIST_FILE = InstaUITests/Info.plist;
				LD_RUNPATH_SEARCH_PATHS = "$(inherited) @executable_path/Frameworks @loader_path/Frameworks";
				PRODUCT_BUNDLE_IDENTIFIER = codePath.InstaUITests;
				PRODUCT_NAME = "$(TARGET_NAME)";
				SWIFT_VERSION = 4.0;
				TARGETED_DEVICE_FAMILY = "1,2";
				TEST_TARGET_NAME = Insta;
			};
			name = Debug;
		};
		5A5B8175203B887F004F35EE /* Release */ = {
			isa = XCBuildConfiguration;
			baseConfigurationReference = 30BDBCFE259B18E3207F5A41 /* Pods-InstaUITests.release.xcconfig */;
			buildSettings = {
				ALWAYS_EMBED_SWIFT_STANDARD_LIBRARIES = YES;
				CODE_SIGN_STYLE = Automatic;
				INFOPLIST_FILE = InstaUITests/Info.plist;
				LD_RUNPATH_SEARCH_PATHS = "$(inherited) @executable_path/Frameworks @loader_path/Frameworks";
				PRODUCT_BUNDLE_IDENTIFIER = codePath.InstaUITests;
				PRODUCT_NAME = "$(TARGET_NAME)";
				SWIFT_VERSION = 4.0;
				TARGETED_DEVICE_FAMILY = "1,2";
				TEST_TARGET_NAME = Insta;
			};
			name = Release;
		};
/* End XCBuildConfiguration section */

/* Begin XCConfigurationList section */
		5A5B8140203B887F004F35EE /* Build configuration list for PBXProject "Insta" */ = {
			isa = XCConfigurationList;
			buildConfigurations = (
				5A5B816B203B887F004F35EE /* Debug */,
				5A5B816C203B887F004F35EE /* Release */,
			);
			defaultConfigurationIsVisible = 0;
			defaultConfigurationName = Release;
		};
		5A5B816D203B887F004F35EE /* Build configuration list for PBXNativeTarget "Insta" */ = {
			isa = XCConfigurationList;
			buildConfigurations = (
				5A5B816E203B887F004F35EE /* Debug */,
				5A5B816F203B887F004F35EE /* Release */,
			);
			defaultConfigurationIsVisible = 0;
			defaultConfigurationName = Release;
		};
		5A5B8170203B887F004F35EE /* Build configuration list for PBXNativeTarget "InstaTests" */ = {
			isa = XCConfigurationList;
			buildConfigurations = (
				5A5B8171203B887F004F35EE /* Debug */,
				5A5B8172203B887F004F35EE /* Release */,
			);
			defaultConfigurationIsVisible = 0;
			defaultConfigurationName = Release;
		};
		5A5B8173203B887F004F35EE /* Build configuration list for PBXNativeTarget "InstaUITests" */ = {
			isa = XCConfigurationList;
			buildConfigurations = (
				5A5B8174203B887F004F35EE /* Debug */,
				5A5B8175203B887F004F35EE /* Release */,
			);
			defaultConfigurationIsVisible = 0;
			defaultConfigurationName = Release;
		};
/* End XCConfigurationList section */
	};
	rootObject = 5A5B813D203B887F004F35EE /* Project object */;
}
